// !$*UTF8*$!
{
	archiveVersion = 1;
	classes = {
	};
	objectVersion = 46;
	objects = {

/* Begin PBXBuildFile section */
		C916DF6318A7C99100BDDAE9 /* OneTapRecord.m in Sources */ = {isa = PBXBuildFile; fileRef = C916DF6218A7C99100BDDAE9 /* OneTapRecord.m */; };
		C916DF6618A7CBDA00BDDAE9 /* OneTapRecordPersistentManager.m in Sources */ = {isa = PBXBuildFile; fileRef = C916DF6518A7CBDA00BDDAE9 /* OneTapRecordPersistentManager.m */; };
		C916DF6918A7DA6800BDDAE9 /* HistoryPlotViewController.m in Sources */ = {isa = PBXBuildFile; fileRef = C916DF6818A7DA6800BDDAE9 /* HistoryPlotViewController.m */; };
		C94C26F7198205440065ACE8 /* UIColor+HexString.m in Sources */ = {isa = PBXBuildFile; fileRef = C94C26F6198205440065ACE8 /* UIColor+HexString.m */; };
		C94C26F9198226340065ACE8 /* heavy-rain-98539_150.png in Resources */ = {isa = PBXBuildFile; fileRef = C94C26F8198226340065ACE8 /* heavy-rain-98539_150.png */; };
		C94C26FB198226E70065ACE8 /* ivak_Decorative_Sun.png in Resources */ = {isa = PBXBuildFile; fileRef = C94C26FA198226E70065ACE8 /* ivak_Decorative_Sun.png */; };
		C970942B183B053300264B6D /* Foundation.framework in Frameworks */ = {isa = PBXBuildFile; fileRef = C970942A183B053300264B6D /* Foundation.framework */; };
		C970942D183B053300264B6D /* CoreGraphics.framework in Frameworks */ = {isa = PBXBuildFile; fileRef = C970942C183B053300264B6D /* CoreGraphics.framework */; };
		C970942F183B053300264B6D /* UIKit.framework in Frameworks */ = {isa = PBXBuildFile; fileRef = C970942E183B053300264B6D /* UIKit.framework */; };
		C9709435183B053300264B6D /* InfoPlist.strings in Resources */ = {isa = PBXBuildFile; fileRef = C9709433183B053300264B6D /* InfoPlist.strings */; };
		C9709437183B053300264B6D /* main.m in Sources */ = {isa = PBXBuildFile; fileRef = C9709436183B053300264B6D /* main.m */; };
		C970943B183B053300264B6D /* AppDelegate.m in Sources */ = {isa = PBXBuildFile; fileRef = C970943A183B053300264B6D /* AppDelegate.m */; };
		C970943E183B053300264B6D /* Main.storyboard in Resources */ = {isa = PBXBuildFile; fileRef = C970943C183B053300264B6D /* Main.storyboard */; };
		C9709441183B053300264B6D /* ViewController.m in Sources */ = {isa = PBXBuildFile; fileRef = C9709440183B053300264B6D /* ViewController.m */; };
		C9709443183B053300264B6D /* Images.xcassets in Resources */ = {isa = PBXBuildFile; fileRef = C9709442183B053300264B6D /* Images.xcassets */; };
		C970944A183B053300264B6D /* XCTest.framework in Frameworks */ = {isa = PBXBuildFile; fileRef = C9709449183B053300264B6D /* XCTest.framework */; };
		C970944B183B053300264B6D /* Foundation.framework in Frameworks */ = {isa = PBXBuildFile; fileRef = C970942A183B053300264B6D /* Foundation.framework */; };
		C970944C183B053300264B6D /* UIKit.framework in Frameworks */ = {isa = PBXBuildFile; fileRef = C970942E183B053300264B6D /* UIKit.framework */; };
		C9709454183B053300264B6D /* InfoPlist.strings in Resources */ = {isa = PBXBuildFile; fileRef = C9709452183B053300264B6D /* InfoPlist.strings */; };
		C9709456183B053300264B6D /* StopBadThoughtTests.m in Sources */ = {isa = PBXBuildFile; fileRef = C9709455183B053300264B6D /* StopBadThoughtTests.m */; };
		C97096B51843175B00264B6D /* JSFlatButton.m in Sources */ = {isa = PBXBuildFile; fileRef = C97096B01843175B00264B6D /* JSFlatButton.m */; };
		C97096B61843175B00264B6D /* UIColor+JSFlatButton.m in Sources */ = {isa = PBXBuildFile; fileRef = C97096B21843175B00264B6D /* UIColor+JSFlatButton.m */; };
		C97096B71843175B00264B6D /* UIImage+JSFlatButton.m in Sources */ = {isa = PBXBuildFile; fileRef = C97096B41843175B00264B6D /* UIImage+JSFlatButton.m */; };
		C97096BA184322FE00264B6D /* ThinkAndDateTimeAndLocationInputViewController.m in Sources */ = {isa = PBXBuildFile; fileRef = C97096B9184322FE00264B6D /* ThinkAndDateTimeAndLocationInputViewController.m */; };
		C9B4129318E9A463009A72B8 /* OneTapRecordPlotViewController.m in Sources */ = {isa = PBXBuildFile; fileRef = C9B4129218E9A463009A72B8 /* OneTapRecordPlotViewController.m */; };
		C9B9F906188AD35000817ACB /* CoreLocation.framework in Frameworks */ = {isa = PBXBuildFile; fileRef = C9B9F905188AD35000817ACB /* CoreLocation.framework */; };
		C9D2E6DF185B2902006D028B /* SettingTableViewController.m in Sources */ = {isa = PBXBuildFile; fileRef = C9D2E6DE185B2902006D028B /* SettingTableViewController.m */; };
		C9D2E6E5185B3321006D028B /* RetainDataViewController.m in Sources */ = {isa = PBXBuildFile; fileRef = C9D2E6E4185B3321006D028B /* RetainDataViewController.m */; };
		C9F47BA4188AED5D00D52E1B /* MapKit.framework in Frameworks */ = {isa = PBXBuildFile; fileRef = C9F47BA3188AED5D00D52E1B /* MapKit.framework */; };
/* End PBXBuildFile section */

/* Begin PBXContainerItemProxy section */
		C970944D183B053300264B6D /* PBXContainerItemProxy */ = {
			isa = PBXContainerItemProxy;
			containerPortal = C970941F183B053300264B6D /* Project object */;
			proxyType = 1;
			remoteGlobalIDString = C9709426183B053300264B6D;
			remoteInfo = StopBadThought;
		};
/* End PBXContainerItemProxy section */

/* Begin PBXFileReference section */
		C916DF6118A7C99100BDDAE9 /* OneTapRecord.h */ = {isa = PBXFileReference; fileEncoding = 4; lastKnownFileType = sourcecode.c.h; path = OneTapRecord.h; sourceTree = "<group>"; };
		C916DF6218A7C99100BDDAE9 /* OneTapRecord.m */ = {isa = PBXFileReference; fileEncoding = 4; lastKnownFileType = sourcecode.c.objc; path = OneTapRecord.m; sourceTree = "<group>"; };
		C916DF6418A7CBDA00BDDAE9 /* OneTapRecordPersistentManager.h */ = {isa = PBXFileReference; fileEncoding = 4; lastKnownFileType = sourcecode.c.h; path = OneTapRecordPersistentManager.h; sourceTree = "<group>"; };
		C916DF6518A7CBDA00BDDAE9 /* OneTapRecordPersistentManager.m */ = {isa = PBXFileReference; fileEncoding = 4; lastKnownFileType = sourcecode.c.objc; path = OneTapRecordPersistentManager.m; sourceTree = "<group>"; };
		C916DF6718A7DA6800BDDAE9 /* HistoryPlotViewController.h */ = {isa = PBXFileReference; fileEncoding = 4; lastKnownFileType = sourcecode.c.h; path = HistoryPlotViewController.h; sourceTree = "<group>"; };
		C916DF6818A7DA6800BDDAE9 /* HistoryPlotViewController.m */ = {isa = PBXFileReference; fileEncoding = 4; lastKnownFileType = sourcecode.c.objc; path = HistoryPlotViewController.m; sourceTree = "<group>"; };
		C94C26F5198205440065ACE8 /* UIColor+HexString.h */ = {isa = PBXFileReference; fileEncoding = 4; lastKnownFileType = sourcecode.c.h; path = "UIColor+HexString.h"; sourceTree = "<group>"; };
		C94C26F6198205440065ACE8 /* UIColor+HexString.m */ = {isa = PBXFileReference; fileEncoding = 4; lastKnownFileType = sourcecode.c.objc; path = "UIColor+HexString.m"; sourceTree = "<group>"; };
		C94C26F8198226340065ACE8 /* heavy-rain-98539_150.png */ = {isa = PBXFileReference; lastKnownFileType = image.png; path = "heavy-rain-98539_150.png"; sourceTree = "<group>"; };
		C94C26FA198226E70065ACE8 /* ivak_Decorative_Sun.png */ = {isa = PBXFileReference; lastKnownFileType = image.png; path = ivak_Decorative_Sun.png; sourceTree = "<group>"; };
		C9709427183B053300264B6D /* StopBadThought.app */ = {isa = PBXFileReference; explicitFileType = wrapper.application; includeInIndex = 0; path = StopBadThought.app; sourceTree = BUILT_PRODUCTS_DIR; };
		C970942A183B053300264B6D /* Foundation.framework */ = {isa = PBXFileReference; lastKnownFileType = wrapper.framework; name = Foundation.framework; path = System/Library/Frameworks/Foundation.framework; sourceTree = SDKROOT; };
		C970942C183B053300264B6D /* CoreGraphics.framework */ = {isa = PBXFileReference; lastKnownFileType = wrapper.framework; name = CoreGraphics.framework; path = System/Library/Frameworks/CoreGraphics.framework; sourceTree = SDKROOT; };
		C970942E183B053300264B6D /* UIKit.framework */ = {isa = PBXFileReference; lastKnownFileType = wrapper.framework; name = UIKit.framework; path = System/Library/Frameworks/UIKit.framework; sourceTree = SDKROOT; };
		C9709432183B053300264B6D /* StopBadThought-Info.plist */ = {isa = PBXFileReference; lastKnownFileType = text.plist.xml; path = "StopBadThought-Info.plist"; sourceTree = "<group>"; };
		C9709434183B053300264B6D /* en */ = {isa = PBXFileReference; lastKnownFileType = text.plist.strings; name = en; path = en.lproj/InfoPlist.strings; sourceTree = "<group>"; };
		C9709436183B053300264B6D /* main.m */ = {isa = PBXFileReference; lastKnownFileType = sourcecode.c.objc; path = main.m; sourceTree = "<group>"; };
		C9709438183B053300264B6D /* StopBadThought-Prefix.pch */ = {isa = PBXFileReference; lastKnownFileType = sourcecode.c.h; path = "StopBadThought-Prefix.pch"; sourceTree = "<group>"; };
		C9709439183B053300264B6D /* AppDelegate.h */ = {isa = PBXFileReference; lastKnownFileType = sourcecode.c.h; path = AppDelegate.h; sourceTree = "<group>"; };
		C970943A183B053300264B6D /* AppDelegate.m */ = {isa = PBXFileReference; lastKnownFileType = sourcecode.c.objc; path = AppDelegate.m; sourceTree = "<group>"; };
		C970943D183B053300264B6D /* Base */ = {isa = PBXFileReference; lastKnownFileType = file.storyboard; name = Base; path = Base.lproj/Main.storyboard; sourceTree = "<group>"; };
		C970943F183B053300264B6D /* ViewController.h */ = {isa = PBXFileReference; lastKnownFileType = sourcecode.c.h; path = ViewController.h; sourceTree = "<group>"; };
		C9709440183B053300264B6D /* ViewController.m */ = {isa = PBXFileReference; lastKnownFileType = sourcecode.c.objc; path = ViewController.m; sourceTree = "<group>"; };
		C9709442183B053300264B6D /* Images.xcassets */ = {isa = PBXFileReference; lastKnownFileType = folder.assetcatalog; path = Images.xcassets; sourceTree = "<group>"; };
		C9709448183B053300264B6D /* StopBadThoughtTests.xctest */ = {isa = PBXFileReference; explicitFileType = wrapper.cfbundle; includeInIndex = 0; path = StopBadThoughtTests.xctest; sourceTree = BUILT_PRODUCTS_DIR; };
		C9709449183B053300264B6D /* XCTest.framework */ = {isa = PBXFileReference; lastKnownFileType = wrapper.framework; name = XCTest.framework; path = Library/Frameworks/XCTest.framework; sourceTree = DEVELOPER_DIR; };
		C9709451183B053300264B6D /* StopBadThoughtTests-Info.plist */ = {isa = PBXFileReference; lastKnownFileType = text.plist.xml; path = "StopBadThoughtTests-Info.plist"; sourceTree = "<group>"; };
		C9709453183B053300264B6D /* en */ = {isa = PBXFileReference; lastKnownFileType = text.plist.strings; name = en; path = en.lproj/InfoPlist.strings; sourceTree = "<group>"; };
		C9709455183B053300264B6D /* StopBadThoughtTests.m */ = {isa = PBXFileReference; lastKnownFileType = sourcecode.c.objc; path = StopBadThoughtTests.m; sourceTree = "<group>"; };
		C97096AF1843175B00264B6D /* JSFlatButton.h */ = {isa = PBXFileReference; fileEncoding = 4; lastKnownFileType = sourcecode.c.h; path = JSFlatButton.h; sourceTree = "<group>"; };
		C97096B01843175B00264B6D /* JSFlatButton.m */ = {isa = PBXFileReference; fileEncoding = 4; lastKnownFileType = sourcecode.c.objc; path = JSFlatButton.m; sourceTree = "<group>"; };
		C97096B11843175B00264B6D /* UIColor+JSFlatButton.h */ = {isa = PBXFileReference; fileEncoding = 4; lastKnownFileType = sourcecode.c.h; path = "UIColor+JSFlatButton.h"; sourceTree = "<group>"; };
		C97096B21843175B00264B6D /* UIColor+JSFlatButton.m */ = {isa = PBXFileReference; fileEncoding = 4; lastKnownFileType = sourcecode.c.objc; path = "UIColor+JSFlatButton.m"; sourceTree = "<group>"; };
		C97096B31843175B00264B6D /* UIImage+JSFlatButton.h */ = {isa = PBXFileReference; fileEncoding = 4; lastKnownFileType = sourcecode.c.h; path = "UIImage+JSFlatButton.h"; sourceTree = "<group>"; };
		C97096B41843175B00264B6D /* UIImage+JSFlatButton.m */ = {isa = PBXFileReference; fileEncoding = 4; lastKnownFileType = sourcecode.c.objc; path = "UIImage+JSFlatButton.m"; sourceTree = "<group>"; };
		C97096B8184322FE00264B6D /* ThinkAndDateTimeAndLocationInputViewController.h */ = {isa = PBXFileReference; fileEncoding = 4; lastKnownFileType = sourcecode.c.h; path = ThinkAndDateTimeAndLocationInputViewController.h; sourceTree = "<group>"; };
		C97096B9184322FE00264B6D /* ThinkAndDateTimeAndLocationInputViewController.m */ = {isa = PBXFileReference; fileEncoding = 4; lastKnownFileType = sourcecode.c.objc; path = ThinkAndDateTimeAndLocationInputViewController.m; sourceTree = "<group>"; };
		C9B4129118E9A463009A72B8 /* OneTapRecordPlotViewController.h */ = {isa = PBXFileReference; fileEncoding = 4; lastKnownFileType = sourcecode.c.h; path = OneTapRecordPlotViewController.h; sourceTree = "<group>"; };
		C9B4129218E9A463009A72B8 /* OneTapRecordPlotViewController.m */ = {isa = PBXFileReference; fileEncoding = 4; lastKnownFileType = sourcecode.c.objc; path = OneTapRecordPlotViewController.m; sourceTree = "<group>"; };
		C9B9F905188AD35000817ACB /* CoreLocation.framework */ = {isa = PBXFileReference; lastKnownFileType = wrapper.framework; name = CoreLocation.framework; path = System/Library/Frameworks/CoreLocation.framework; sourceTree = SDKROOT; };
		C9D2E6DD185B2902006D028B /* SettingTableViewController.h */ = {isa = PBXFileReference; fileEncoding = 4; lastKnownFileType = sourcecode.c.h; path = SettingTableViewController.h; sourceTree = "<group>"; };
		C9D2E6DE185B2902006D028B /* SettingTableViewController.m */ = {isa = PBXFileReference; fileEncoding = 4; lastKnownFileType = sourcecode.c.objc; path = SettingTableViewController.m; sourceTree = "<group>"; };
		C9D2E6E3185B3321006D028B /* RetainDataViewController.h */ = {isa = PBXFileReference; fileEncoding = 4; lastKnownFileType = sourcecode.c.h; path = RetainDataViewController.h; sourceTree = "<group>"; };
		C9D2E6E4185B3321006D028B /* RetainDataViewController.m */ = {isa = PBXFileReference; fileEncoding = 4; lastKnownFileType = sourcecode.c.objc; path = RetainDataViewController.m; sourceTree = "<group>"; };
		C9F47BA3188AED5D00D52E1B /* MapKit.framework */ = {isa = PBXFileReference; lastKnownFileType = wrapper.framework; name = MapKit.framework; path = System/Library/Frameworks/MapKit.framework; sourceTree = SDKROOT; };
/* End PBXFileReference section */

/* Begin PBXFrameworksBuildPhase section */
		C9709424183B053300264B6D /* Frameworks */ = {
			isa = PBXFrameworksBuildPhase;
			buildActionMask = 2147483647;
			files = (
				C9F47BA4188AED5D00D52E1B /* MapKit.framework in Frameworks */,
				C9B9F906188AD35000817ACB /* CoreLocation.framework in Frameworks */,
				C970942D183B053300264B6D /* CoreGraphics.framework in Frameworks */,
				C970942F183B053300264B6D /* UIKit.framework in Frameworks */,
				C970942B183B053300264B6D /* Foundation.framework in Frameworks */,
			);
			runOnlyForDeploymentPostprocessing = 0;
		};
		C9709445183B053300264B6D /* Frameworks */ = {
			isa = PBXFrameworksBuildPhase;
			buildActionMask = 2147483647;
			files = (
				C970944A183B053300264B6D /* XCTest.framework in Frameworks */,
				C970944C183B053300264B6D /* UIKit.framework in Frameworks */,
				C970944B183B053300264B6D /* Foundation.framework in Frameworks */,
			);
			runOnlyForDeploymentPostprocessing = 0;
		};
/* End PBXFrameworksBuildPhase section */

/* Begin PBXGroup section */
		C970941E183B053300264B6D = {
			isa = PBXGroup;
			children = (
				C9709430183B053300264B6D /* StopBadThought */,
				C970944F183B053300264B6D /* StopBadThoughtTests */,
				C9709429183B053300264B6D /* Frameworks */,
				C9709428183B053300264B6D /* Products */,
			);
			sourceTree = "<group>";
		};
		C9709428183B053300264B6D /* Products */ = {
			isa = PBXGroup;
			children = (
				C9709427183B053300264B6D /* StopBadThought.app */,
				C9709448183B053300264B6D /* StopBadThoughtTests.xctest */,
			);
			name = Products;
			sourceTree = "<group>";
		};
		C9709429183B053300264B6D /* Frameworks */ = {
			isa = PBXGroup;
			children = (
				C9F47BA3188AED5D00D52E1B /* MapKit.framework */,
				C9B9F905188AD35000817ACB /* CoreLocation.framework */,
				C970942A183B053300264B6D /* Foundation.framework */,
				C970942C183B053300264B6D /* CoreGraphics.framework */,
				C970942E183B053300264B6D /* UIKit.framework */,
				C9709449183B053300264B6D /* XCTest.framework */,
			);
			name = Frameworks;
			sourceTree = "<group>";
		};
		C9709430183B053300264B6D /* StopBadThought */ = {
			isa = PBXGroup;
			children = (
				C9709439183B053300264B6D /* AppDelegate.h */,
				C970943A183B053300264B6D /* AppDelegate.m */,
				C970943C183B053300264B6D /* Main.storyboard */,
				C9B4129118E9A463009A72B8 /* OneTapRecordPlotViewController.h */,
				C9B4129218E9A463009A72B8 /* OneTapRecordPlotViewController.m */,
				C916DF6718A7DA6800BDDAE9 /* HistoryPlotViewController.h */,
				C916DF6818A7DA6800BDDAE9 /* HistoryPlotViewController.m */,
				C9D2E6E3185B3321006D028B /* RetainDataViewController.h */,
				C9D2E6E4185B3321006D028B /* RetainDataViewController.m */,
				C9D2E6DD185B2902006D028B /* SettingTableViewController.h */,
				C9D2E6DE185B2902006D028B /* SettingTableViewController.m */,
				C97096B8184322FE00264B6D /* ThinkAndDateTimeAndLocationInputViewController.h */,
				C97096B9184322FE00264B6D /* ThinkAndDateTimeAndLocationInputViewController.m */,
				C970943F183B053300264B6D /* ViewController.h */,
				C9709440183B053300264B6D /* ViewController.m */,
				C916DF6418A7CBDA00BDDAE9 /* OneTapRecordPersistentManager.h */,
				C916DF6518A7CBDA00BDDAE9 /* OneTapRecordPersistentManager.m */,
				C916DF6118A7C99100BDDAE9 /* OneTapRecord.h */,
				C916DF6218A7C99100BDDAE9 /* OneTapRecord.m */,
				C94C26F5198205440065ACE8 /* UIColor+HexString.h */,
				C94C26F6198205440065ACE8 /* UIColor+HexString.m */,
				C94C26F8198226340065ACE8 /* heavy-rain-98539_150.png */,
				C94C26FA198226E70065ACE8 /* ivak_Decorative_Sun.png */,
				C97096AE1843175B00264B6D /* JSFlatButton */,
				C9709442183B053300264B6D /* Images.xcassets */,
				C9709431183B053300264B6D /* Supporting Files */,
			);
			path = StopBadThought;
			sourceTree = "<group>";
		};
		C9709431183B053300264B6D /* Supporting Files */ = {
			isa = PBXGroup;
			children = (
				C9709432183B053300264B6D /* StopBadThought-Info.plist */,
				C9709433183B053300264B6D /* InfoPlist.strings */,
				C9709436183B053300264B6D /* main.m */,
				C9709438183B053300264B6D /* StopBadThought-Prefix.pch */,
			);
			name = "Supporting Files";
			sourceTree = "<group>";
		};
		C970944F183B053300264B6D /* StopBadThoughtTests */ = {
			isa = PBXGroup;
			children = (
				C9709455183B053300264B6D /* StopBadThoughtTests.m */,
				C9709450183B053300264B6D /* Supporting Files */,
			);
			path = StopBadThoughtTests;
			sourceTree = "<group>";
		};
		C9709450183B053300264B6D /* Supporting Files */ = {
			isa = PBXGroup;
			children = (
				C9709451183B053300264B6D /* StopBadThoughtTests-Info.plist */,
				C9709452183B053300264B6D /* InfoPlist.strings */,
			);
			name = "Supporting Files";
			sourceTree = "<group>";
		};
		C97096AE1843175B00264B6D /* JSFlatButton */ = {
			isa = PBXGroup;
			children = (
				C97096AF1843175B00264B6D /* JSFlatButton.h */,
				C97096B01843175B00264B6D /* JSFlatButton.m */,
				C97096B11843175B00264B6D /* UIColor+JSFlatButton.h */,
				C97096B21843175B00264B6D /* UIColor+JSFlatButton.m */,
				C97096B31843175B00264B6D /* UIImage+JSFlatButton.h */,
				C97096B41843175B00264B6D /* UIImage+JSFlatButton.m */,
			);
			path = JSFlatButton;
			sourceTree = "<group>";
		};
/* End PBXGroup section */

/* Begin PBXNativeTarget section */
		C9709426183B053300264B6D /* StopBadThought */ = {
			isa = PBXNativeTarget;
			buildConfigurationList = C9709459183B053300264B6D /* Build configuration list for PBXNativeTarget "StopBadThought" */;
			buildPhases = (
				C9709423183B053300264B6D /* Sources */,
				C9709424183B053300264B6D /* Frameworks */,
				C9709425183B053300264B6D /* Resources */,
			);
			buildRules = (
			);
			dependencies = (
			);
			name = StopBadThought;
			productName = StopBadThought;
			productReference = C9709427183B053300264B6D /* StopBadThought.app */;
			productType = "com.apple.product-type.application";
		};
		C9709447183B053300264B6D /* StopBadThoughtTests */ = {
			isa = PBXNativeTarget;
			buildConfigurationList = C970945C183B053300264B6D /* Build configuration list for PBXNativeTarget "StopBadThoughtTests" */;
			buildPhases = (
				C9709444183B053300264B6D /* Sources */,
				C9709445183B053300264B6D /* Frameworks */,
				C9709446183B053300264B6D /* Resources */,
			);
			buildRules = (
			);
			dependencies = (
				C970944E183B053300264B6D /* PBXTargetDependency */,
			);
			name = StopBadThoughtTests;
			productName = StopBadThoughtTests;
			productReference = C9709448183B053300264B6D /* StopBadThoughtTests.xctest */;
			productType = "com.apple.product-type.bundle.unit-test";
		};
/* End PBXNativeTarget section */

/* Begin PBXProject section */
		C970941F183B053300264B6D /* Project object */ = {
			isa = PBXProject;
			attributes = {
				LastUpgradeCheck = 0510;
				ORGANIZATIONNAME = "ナノソフトウェア";
				TargetAttributes = {
					C9709447183B053300264B6D = {
						TestTargetID = C9709426183B053300264B6D;
					};
				};
			};
			buildConfigurationList = C9709422183B053300264B6D /* Build configuration list for PBXProject "StopBadThought" */;
			compatibilityVersion = "Xcode 3.2";
			developmentRegion = English;
			hasScannedForEncodings = 0;
			knownRegions = (
				en,
				Base,
			);
			mainGroup = C970941E183B053300264B6D;
			productRefGroup = C9709428183B053300264B6D /* Products */;
			projectDirPath = "";
			projectRoot = "";
			targets = (
				C9709426183B053300264B6D /* StopBadThought */,
				C9709447183B053300264B6D /* StopBadThoughtTests */,
			);
		};
/* End PBXProject section */

/* Begin PBXResourcesBuildPhase section */
		C9709425183B053300264B6D /* Resources */ = {
			isa = PBXResourcesBuildPhase;
			buildActionMask = 2147483647;
			files = (
				C9709443183B053300264B6D /* Images.xcassets in Resources */,
				C9709435183B053300264B6D /* InfoPlist.strings in Resources */,
				C970943E183B053300264B6D /* Main.storyboard in Resources */,
				C94C26FB198226E70065ACE8 /* ivak_Decorative_Sun.png in Resources */,
				C94C26F9198226340065ACE8 /* heavy-rain-98539_150.png in Resources */,
			);
			runOnlyForDeploymentPostprocessing = 0;
		};
		C9709446183B053300264B6D /* Resources */ = {
			isa = PBXResourcesBuildPhase;
			buildActionMask = 2147483647;
			files = (
				C9709454183B053300264B6D /* InfoPlist.strings in Resources */,
			);
			runOnlyForDeploymentPostprocessing = 0;
		};
/* End PBXResourcesBuildPhase section */

/* Begin PBXSourcesBuildPhase section */
		C9709423183B053300264B6D /* Sources */ = {
			isa = PBXSourcesBuildPhase;
			buildActionMask = 2147483647;
			files = (
				C9709441183B053300264B6D /* ViewController.m in Sources */,
				C916DF6318A7C99100BDDAE9 /* OneTapRecord.m in Sources */,
				C916DF6918A7DA6800BDDAE9 /* HistoryPlotViewController.m in Sources */,
				C97096B71843175B00264B6D /* UIImage+JSFlatButton.m in Sources */,
				C94C26F7198205440065ACE8 /* UIColor+HexString.m in Sources */,
				C97096B51843175B00264B6D /* JSFlatButton.m in Sources */,
				C970943B183B053300264B6D /* AppDelegate.m in Sources */,
				C9D2E6DF185B2902006D028B /* SettingTableViewController.m in Sources */,
				C97096B61843175B00264B6D /* UIColor+JSFlatButton.m in Sources */,
				C9709437183B053300264B6D /* main.m in Sources */,
				C97096BA184322FE00264B6D /* ThinkAndDateTimeAndLocationInputViewController.m in Sources */,
				C9B4129318E9A463009A72B8 /* OneTapRecordPlotViewController.m in Sources */,
				C9D2E6E5185B3321006D028B /* RetainDataViewController.m in Sources */,
				C916DF6618A7CBDA00BDDAE9 /* OneTapRecordPersistentManager.m in Sources */,
			);
			runOnlyForDeploymentPostprocessing = 0;
		};
		C9709444183B053300264B6D /* Sources */ = {
			isa = PBXSourcesBuildPhase;
			buildActionMask = 2147483647;
			files = (
				C9709456183B053300264B6D /* StopBadThoughtTests.m in Sources */,
			);
			runOnlyForDeploymentPostprocessing = 0;
		};
/* End PBXSourcesBuildPhase section */

/* Begin PBXTargetDependency section */
		C970944E183B053300264B6D /* PBXTargetDependency */ = {
			isa = PBXTargetDependency;
			target = C9709426183B053300264B6D /* StopBadThought */;
			targetProxy = C970944D183B053300264B6D /* PBXContainerItemProxy */;
		};
/* End PBXTargetDependency section */

/* Begin PBXVariantGroup section */
		C9709433183B053300264B6D /* InfoPlist.strings */ = {
			isa = PBXVariantGroup;
			children = (
				C9709434183B053300264B6D /* en */,
			);
			name = InfoPlist.strings;
			sourceTree = "<group>";
		};
		C970943C183B053300264B6D /* Main.storyboard */ = {
			isa = PBXVariantGroup;
			children = (
				C970943D183B053300264B6D /* Base */,
			);
			name = Main.storyboard;
			sourceTree = "<group>";
		};
		C9709452183B053300264B6D /* InfoPlist.strings */ = {
			isa = PBXVariantGroup;
			children = (
				C9709453183B053300264B6D /* en */,
			);
			name = InfoPlist.strings;
			sourceTree = "<group>";
		};
/* End PBXVariantGroup section */

/* Begin XCBuildConfiguration section */
		C9709457183B053300264B6D /* Debug */ = {
			isa = XCBuildConfiguration;
			buildSettings = {
				ALWAYS_SEARCH_USER_PATHS = NO;
				CLANG_CXX_LANGUAGE_STANDARD = "gnu++0x";
				CLANG_CXX_LIBRARY = "libc++";
				CLANG_ENABLE_MODULES = YES;
				CLANG_ENABLE_OBJC_ARC = YES;
				CLANG_WARN_BOOL_CONVERSION = YES;
				CLANG_WARN_CONSTANT_CONVERSION = YES;
				CLANG_WARN_DIRECT_OBJC_ISA_USAGE = YES_ERROR;
				CLANG_WARN_EMPTY_BODY = YES;
				CLANG_WARN_ENUM_CONVERSION = YES;
				CLANG_WARN_INT_CONVERSION = YES;
				CLANG_WARN_OBJC_ROOT_CLASS = YES_ERROR;
				CLANG_WARN__DUPLICATE_METHOD_MATCH = YES;
				"CODE_SIGN_IDENTITY[sdk=iphoneos*]" = "iPhone Developer";
				COPY_PHASE_STRIP = NO;
				GCC_C_LANGUAGE_STANDARD = gnu99;
				GCC_DYNAMIC_NO_PIC = NO;
				GCC_OPTIMIZATION_LEVEL = 0;
				GCC_PREPROCESSOR_DEFINITIONS = (
					"DEBUG=1",
					"$(inherited)",
				);
				GCC_SYMBOLS_PRIVATE_EXTERN = NO;
				GCC_WARN_64_TO_32_BIT_CONVERSION = YES;
				GCC_WARN_ABOUT_RETURN_TYPE = YES_ERROR;
				GCC_WARN_UNDECLARED_SELECTOR = YES;
				GCC_WARN_UNINITIALIZED_AUTOS = YES;
				GCC_WARN_UNUSED_FUNCTION = YES;
				GCC_WARN_UNUSED_VARIABLE = YES;
				IPHONEOS_DEPLOYMENT_TARGET = 7.0;
				ONLY_ACTIVE_ARCH = YES;
				SDKROOT = iphoneos;
			};
			name = Debug;
		};
		C9709458183B053300264B6D /* Release */ = {
			isa = XCBuildConfiguration;
			buildSettings = {
				ALWAYS_SEARCH_USER_PATHS = NO;
				CLANG_CXX_LANGUAGE_STANDARD = "gnu++0x";
				CLANG_CXX_LIBRARY = "libc++";
				CLANG_ENABLE_MODULES = YES;
				CLANG_ENABLE_OBJC_ARC = YES;
				CLANG_WARN_BOOL_CONVERSION = YES;
				CLANG_WARN_CONSTANT_CONVERSION = YES;
				CLANG_WARN_DIRECT_OBJC_ISA_USAGE = YES_ERROR;
				CLANG_WARN_EMPTY_BODY = YES;
				CLANG_WARN_ENUM_CONVERSION = YES;
				CLANG_WARN_INT_CONVERSION = YES;
				CLANG_WARN_OBJC_ROOT_CLASS = YES_ERROR;
				CLANG_WARN__DUPLICATE_METHOD_MATCH = YES;
				"CODE_SIGN_IDENTITY[sdk=iphoneos*]" = "iPhone Developer";
				COPY_PHASE_STRIP = YES;
				ENABLE_NS_ASSERTIONS = NO;
				GCC_C_LANGUAGE_STANDARD = gnu99;
				GCC_WARN_64_TO_32_BIT_CONVERSION = YES;
				GCC_WARN_ABOUT_RETURN_TYPE = YES_ERROR;
				GCC_WARN_UNDECLARED_SELECTOR = YES;
				GCC_WARN_UNINITIALIZED_AUTOS = YES;
				GCC_WARN_UNUSED_FUNCTION = YES;
				GCC_WARN_UNUSED_VARIABLE = YES;
				IPHONEOS_DEPLOYMENT_TARGET = 7.0;
				SDKROOT = iphoneos;
				VALIDATE_PRODUCT = YES;
			};
			name = Release;
		};
		C970945A183B053300264B6D /* Debug */ = {
			isa = XCBuildConfiguration;
			buildSettings = {
				ASSETCATALOG_COMPILER_APPICON_NAME = AppIcon;
				ASSETCATALOG_COMPILER_LAUNCHIMAGE_NAME = LaunchImage;
				GCC_PRECOMPILE_PREFIX_HEADER = YES;
				GCC_PREFIX_HEADER = "StopBadThought/StopBadThought-Prefix.pch";
				INFOPLIST_FILE = "StopBadThought/StopBadThought-Info.plist";
				PRODUCT_NAME = "$(TARGET_NAME)";
				WRAPPER_EXTENSION = app;
			};
			name = Debug;
		};
		C970945B183B053300264B6D /* Release */ = {
			isa = XCBuildConfiguration;
			buildSettings = {
				ASSETCATALOG_COMPILER_APPICON_NAME = AppIcon;
				ASSETCATALOG_COMPILER_LAUNCHIMAGE_NAME = LaunchImage;
				GCC_PRECOMPILE_PREFIX_HEADER = YES;
				GCC_PREFIX_HEADER = "StopBadThought/StopBadThought-Prefix.pch";
				INFOPLIST_FILE = "StopBadThought/StopBadThought-Info.plist";
				PRODUCT_NAME = "$(TARGET_NAME)";
				WRAPPER_EXTENSION = app;
			};
			name = Release;
		};
		C970945D183B053300264B6D /* Debug */ = {
			isa = XCBuildConfiguration;
			buildSettings = {
				BUNDLE_LOADER = "$(BUILT_PRODUCTS_DIR)/StopBadThought.app/StopBadThought";
				FRAMEWORK_SEARCH_PATHS = (
					"$(SDKROOT)/Developer/Library/Frameworks",
					"$(inherited)",
					"$(DEVELOPER_FRAMEWORKS_DIR)",
				);
				GCC_PRECOMPILE_PREFIX_HEADER = YES;
				GCC_PREFIX_HEADER = "StopBadThought/StopBadThought-Prefix.pch";
				GCC_PREPROCESSOR_DEFINITIONS = (
					"DEBUG=1",
					"$(inherited)",
				);
				INFOPLIST_FILE = "StopBadThoughtTests/StopBadThoughtTests-Info.plist";
				PRODUCT_NAME = "$(TARGET_NAME)";
				TEST_HOST = "$(BUNDLE_LOADER)";
				WRAPPER_EXTENSION = xctest;
			};
			name = Debug;
		};
		C970945E183B053300264B6D /* Release */ = {
			isa = XCBuildConfiguration;
			buildSettings = {
				BUNDLE_LOADER = "$(BUILT_PRODUCTS_DIR)/StopBadThought.app/StopBadThought";
				FRAMEWORK_SEARCH_PATHS = (
					"$(SDKROOT)/Developer/Library/Frameworks",
					"$(inherited)",
					"$(DEVELOPER_FRAMEWORKS_DIR)",
				);
				GCC_PRECOMPILE_PREFIX_HEADER = YES;
				GCC_PREFIX_HEADER = "StopBadThought/StopBadThought-Prefix.pch";
				INFOPLIST_FILE = "StopBadThoughtTests/StopBadThoughtTests-Info.plist";
				PRODUCT_NAME = "$(TARGET_NAME)";
				TEST_HOST = "$(BUNDLE_LOADER)";
				WRAPPER_EXTENSION = xctest;
			};
			name = Release;
		};
/* End XCBuildConfiguration section */

/* Begin XCConfigurationList section */
		C9709422183B053300264B6D /* Build configuration list for PBXProject "StopBadThought" */ = {
			isa = XCConfigurationList;
			buildConfigurations = (
				C9709457183B053300264B6D /* Debug */,
				C9709458183B053300264B6D /* Release */,
			);
			defaultConfigurationIsVisible = 0;
			defaultConfigurationName = Release;
		};
		C9709459183B053300264B6D /* Build configuration list for PBXNativeTarget "StopBadThought" */ = {
			isa = XCConfigurationList;
			buildConfigurations = (
				C970945A183B053300264B6D /* Debug */,
				C970945B183B053300264B6D /* Release */,
			);
			defaultConfigurationIsVisible = 0;
			defaultConfigurationName = Release;
		};
		C970945C183B053300264B6D /* Build configuration list for PBXNativeTarget "StopBadThoughtTests" */ = {
			isa = XCConfigurationList;
			buildConfigurations = (
				C970945D183B053300264B6D /* Debug */,
				C970945E183B053300264B6D /* Release */,
			);
			defaultConfigurationIsVisible = 0;
			defaultConfigurationName = Release;
		};
/* End XCConfigurationList section */
	};
	rootObject = C970941F183B053300264B6D /* Project object */;
}
